
Microsoft Visual Studio Solution File, Format Version 12.00
# Visual Studio 14
VisualStudioVersion = 14.0.25420.1
MinimumVisualStudioVersion = 10.0.40219.1
Project("{FAE04EC0-301F-11D3-BF4B-00C04F79EFBC}") = "RealEstateProject", "RealEstateProject\RealEstateProject.csproj", "{543D66AC-B76F-4CB0-A132-0F68F7E5D853}"
EndProject
Project("{FAE04EC0-301F-11D3-BF4B-00C04F79EFBC}") = "RealEstateProject.Tests", "RealEstateProject.Tests\RealEstateProject.Tests.csproj", "{E03E6AEE-3211-4204-A26F-0CB61EF96520}"
EndProject
Global
	GlobalSection(SolutionConfigurationPlatforms) = preSolution
		Debug|Any CPU = Debug|Any CPU
		Release|Any CPU = Release|Any CPU
	EndGlobalSection
	GlobalSection(ProjectConfigurationPlatforms) = postSolution
		{543D66AC-B76F-4CB0-A132-0F68F7E5D853}.Debug|Any CPU.ActiveCfg = Debug|Any CPU
		{543D66AC-B76F-4CB0-A132-0F68F7E5D853}.Debug|Any CPU.Build.0 = Debug|Any CPU
		{543D66AC-B76F-4CB0-A132-0F68F7E5D853}.Release|Any CPU.ActiveCfg = Release|Any CPU
		{543D66AC-B76F-4CB0-A132-0F68F7E5D853}.Release|Any CPU.Build.0 = Release|Any CPU
		{E03E6AEE-3211-4204-A26F-0CB61EF96520}.Debug|Any CPU.ActiveCfg = Debug|Any CPU
		{E03E6AEE-3211-4204-A26F-0CB61EF96520}.Debug|Any CPU.Build.0 = Debug|Any CPU
		{E03E6AEE-3211-4204-A26F-0CB61EF96520}.Release|Any CPU.ActiveCfg = Release|Any CPU
		{E03E6AEE-3211-4204-A26F-0CB61EF96520}.Release|Any CPU.Build.0 = Release|Any CPU
	EndGlobalSection
	GlobalSection(SolutionProperties) = preSolution
		HideSolutionNode = FALSE
	EndGlobalSection
EndGlobal
